
Microsoft Visual Studio Solution File, Format Version 12.00
# Visual Studio 14
VisualStudioVersion = 14.0.25123.0
MinimumVisualStudioVersion = 10.0.40219.1
Project("{FAE04EC0-301F-11D3-BF4B-00C04F79EFBC}") = "Client", "Client\Client.csproj", "{74B5896A-1D35-431D-9D02-55B10E88D5E6}"
EndProject
Project("{FAE04EC0-301F-11D3-BF4B-00C04F79EFBC}") = "Test", "Test\Test.csproj", "{627F0C2F-129B-4D4E-8E00-757D8230D3E9}"
EndProject
Project("{FAE04EC0-301F-11D3-BF4B-00C04F79EFBC}") = "Common", "Common\Common.csproj", "{38F64D0B-AD28-467F-9557-2CA1E8017AD1}"
EndProject
Global
	GlobalSection(SolutionConfigurationPlatforms) = preSolution
		Debug|Any CPU = Debug|Any CPU
		Release|Any CPU = Release|Any CPU
	EndGlobalSection
	GlobalSection(ProjectConfigurationPlatforms) = postSolution
		{74B5896A-1D35-431D-9D02-55B10E88D5E6}.Debug|Any CPU.ActiveCfg = Debug|Any CPU
		{74B5896A-1D35-431D-9D02-55B10E88D5E6}.Debug|Any CPU.Build.0 = Debug|Any CPU
		{74B5896A-1D35-431D-9D02-55B10E88D5E6}.Release|Any CPU.ActiveCfg = Release|Any CPU
		{74B5896A-1D35-431D-9D02-55B10E88D5E6}.Release|Any CPU.Build.0 = Release|Any CPU
		{627F0C2F-129B-4D4E-8E00-757D8230D3E9}.Debug|Any CPU.ActiveCfg = Debug|Any CPU
		{627F0C2F-129B-4D4E-8E00-757D8230D3E9}.Debug|Any CPU.Build.0 = Debug|Any CPU
		{627F0C2F-129B-4D4E-8E00-757D8230D3E9}.Release|Any CPU.ActiveCfg = Release|Any CPU
		{627F0C2F-129B-4D4E-8E00-757D8230D3E9}.Release|Any CPU.Build.0 = Release|Any CPU
		{38F64D0B-AD28-467F-9557-2CA1E8017AD1}.Debug|Any CPU.ActiveCfg = Debug|Any CPU
		{38F64D0B-AD28-467F-9557-2CA1E8017AD1}.Debug|Any CPU.Build.0 = Debug|Any CPU
		{38F64D0B-AD28-467F-9557-2CA1E8017AD1}.Release|Any CPU.ActiveCfg = Release|Any CPU
		{38F64D0B-AD28-467F-9557-2CA1E8017AD1}.Release|Any CPU.Build.0 = Release|Any CPU
	EndGlobalSection
	GlobalSection(SolutionProperties) = preSolution
		HideSolutionNode = FALSE
	EndGlobalSection
EndGlobal
